// !$*UTF8*$!
{
	archiveVersion = 1;
	classes = {
	};
	objectVersion = 56;
	objects = {

/* Begin PBXBuildFile section */
		F41D991F2BEE5425000A523B /* CoreData.xcdatamodeld in Sources */ = {isa = PBXBuildFile; fileRef = F41D991D2BEE5424000A523B /* CoreData.xcdatamodeld */; };
		F41D99212BEE56A0000A523B /* Core Data .swift in Sources */ = {isa = PBXBuildFile; fileRef = F41D99202BEE56A0000A523B /* Core Data .swift */; };
		F43019F22BE12B3E009A8DB2 /* AppDelegate.swift in Sources */ = {isa = PBXBuildFile; fileRef = F43019F12BE12B3E009A8DB2 /* AppDelegate.swift */; };
		F43019F42BE12B3E009A8DB2 /* SceneDelegate.swift in Sources */ = {isa = PBXBuildFile; fileRef = F43019F32BE12B3E009A8DB2 /* SceneDelegate.swift */; };
		F43019F62BE12B3E009A8DB2 /* TwoProduct.swift in Sources */ = {isa = PBXBuildFile; fileRef = F43019F52BE12B3E009A8DB2 /* TwoProduct.swift */; };
		F43019FB2BE12B40009A8DB2 /* Assets.xcassets in Resources */ = {isa = PBXBuildFile; fileRef = F43019FA2BE12B40009A8DB2 /* Assets.xcassets */; };
		F43019FE2BE12B40009A8DB2 /* LaunchScreen.storyboard in Resources */ = {isa = PBXBuildFile; fileRef = F43019FC2BE12B40009A8DB2 /* LaunchScreen.storyboard */; };
		F4301A0B2BE131A9009A8DB2 /* TabBarViewController.swift in Sources */ = {isa = PBXBuildFile; fileRef = F4301A0A2BE131A9009A8DB2 /* TabBarViewController.swift */; };
		F4301A0D2BE13278009A8DB2 /* OneProduct.swift in Sources */ = {isa = PBXBuildFile; fileRef = F4301A0C2BE13278009A8DB2 /* OneProduct.swift */; };
		F4301A0F2BE133E0009A8DB2 /* ThreeProduct.swift in Sources */ = {isa = PBXBuildFile; fileRef = F4301A0E2BE133E0009A8DB2 /* ThreeProduct.swift */; };
		F4301A112BE1342B009A8DB2 /* FourProduct.swift in Sources */ = {isa = PBXBuildFile; fileRef = F4301A102BE1342B009A8DB2 /* FourProduct.swift */; };
		F434692C2BE163760017376A /* CreateProductViewController.swift in Sources */ = {isa = PBXBuildFile; fileRef = F434692B2BE163760017376A /* CreateProductViewController.swift */; };
/* End PBXBuildFile section */

/* Begin PBXFileReference section */
		F41D991E2BEE5425000A523B /* CoreData.xcdatamodel */ = {isa = PBXFileReference; lastKnownFileType = wrapper.xcdatamodel; path = CoreData.xcdatamodel; sourceTree = "<group>"; };
		F41D99202BEE56A0000A523B /* Core Data .swift */ = {isa = PBXFileReference; lastKnownFileType = sourcecode.swift; path = "Core Data .swift"; sourceTree = "<group>"; };
		F43019EE2BE12B3E009A8DB2 /* Up Sklad.app */ = {isa = PBXFileReference; explicitFileType = wrapper.application; includeInIndex = 0; path = "Up Sklad.app"; sourceTree = BUILT_PRODUCTS_DIR; };
		F43019F12BE12B3E009A8DB2 /* AppDelegate.swift */ = {isa = PBXFileReference; lastKnownFileType = sourcecode.swift; path = AppDelegate.swift; sourceTree = "<group>"; };
		F43019F32BE12B3E009A8DB2 /* SceneDelegate.swift */ = {isa = PBXFileReference; lastKnownFileType = sourcecode.swift; path = SceneDelegate.swift; sourceTree = "<group>"; };
		F43019F52BE12B3E009A8DB2 /* TwoProduct.swift */ = {isa = PBXFileReference; lastKnownFileType = sourcecode.swift; path = TwoProduct.swift; sourceTree = "<group>"; };
		F43019FA2BE12B40009A8DB2 /* Assets.xcassets */ = {isa = PBXFileReference; lastKnownFileType = folder.assetcatalog; path = Assets.xcassets; sourceTree = "<group>"; };
		F43019FD2BE12B40009A8DB2 /* Base */ = {isa = PBXFileReference; lastKnownFileType = file.storyboard; name = Base; path = Base.lproj/LaunchScreen.storyboard; sourceTree = "<group>"; };
		F43019FF2BE12B40009A8DB2 /* Info.plist */ = {isa = PBXFileReference; lastKnownFileType = text.plist.xml; path = Info.plist; sourceTree = "<group>"; };
		F4301A0A2BE131A9009A8DB2 /* TabBarViewController.swift */ = {isa = PBXFileReference; lastKnownFileType = sourcecode.swift; path = TabBarViewController.swift; sourceTree = "<group>"; };
		F4301A0C2BE13278009A8DB2 /* OneProduct.swift */ = {isa = PBXFileReference; lastKnownFileType = sourcecode.swift; path = OneProduct.swift; sourceTree = "<group>"; };
		F4301A0E2BE133E0009A8DB2 /* ThreeProduct.swift */ = {isa = PBXFileReference; lastKnownFileType = sourcecode.swift; path = ThreeProduct.swift; sourceTree = "<group>"; };
		F4301A102BE1342B009A8DB2 /* FourProduct.swift */ = {isa = PBXFileReference; lastKnownFileType = sourcecode.swift; path = FourProduct.swift; sourceTree = "<group>"; };
		F434692B2BE163760017376A /* CreateProductViewController.swift */ = {isa = PBXFileReference; lastKnownFileType = sourcecode.swift; path = CreateProductViewController.swift; sourceTree = "<group>"; };
/* End PBXFileReference section */

/* Begin PBXFrameworksBuildPhase section */
		F43019EB2BE12B3E009A8DB2 /* Frameworks */ = {
			isa = PBXFrameworksBuildPhase;
			buildActionMask = 2147483647;
			files = (
			);
			runOnlyForDeploymentPostprocessing = 0;
		};
/* End PBXFrameworksBuildPhase section */

/* Begin PBXGroup section */
		F43019E52BE12B3E009A8DB2 = {
			isa = PBXGroup;
			children = (
				F43019F02BE12B3E009A8DB2 /* Up Sklad */,
				F43019EF2BE12B3E009A8DB2 /* Products */,
			);
			sourceTree = "<group>";
		};
		F43019EF2BE12B3E009A8DB2 /* Products */ = {
			isa = PBXGroup;
			children = (
				F43019EE2BE12B3E009A8DB2 /* Up Sklad.app */,
			);
			name = Products;
			sourceTree = "<group>";
		};
		F43019F02BE12B3E009A8DB2 /* Up Sklad */ = {
			isa = PBXGroup;
			children = (
				F4301A052BE12FCA009A8DB2 /* View */,
				F4301A062BE12FD3009A8DB2 /* Interactor */,
				F4301A072BE12FDD009A8DB2 /* Presenter */,
				F4301A082BE12FE4009A8DB2 /* Entity */,
				F4301A092BE12FEA009A8DB2 /* Router */,
				F43019F12BE12B3E009A8DB2 /* AppDelegate.swift */,
				F43019F32BE12B3E009A8DB2 /* SceneDelegate.swift */,
				F43019FA2BE12B40009A8DB2 /* Assets.xcassets */,
				F43019FC2BE12B40009A8DB2 /* LaunchScreen.storyboard */,
				F43019FF2BE12B40009A8DB2 /* Info.plist */,
				F41D991D2BEE5424000A523B /* CoreData.xcdatamodeld */,
				F41D99202BEE56A0000A523B /* Core Data .swift */,
			);
			path = "Up Sklad";
			sourceTree = "<group>";
		};
		F4301A052BE12FCA009A8DB2 /* View */ = {
			isa = PBXGroup;
			children = (
				F4301A0A2BE131A9009A8DB2 /* TabBarViewController.swift */,
				F434692B2BE163760017376A /* CreateProductViewController.swift */,
				F4301A0C2BE13278009A8DB2 /* OneProduct.swift */,
				F43019F52BE12B3E009A8DB2 /* TwoProduct.swift */,
				F4301A0E2BE133E0009A8DB2 /* ThreeProduct.swift */,
				F4301A102BE1342B009A8DB2 /* FourProduct.swift */,
			);
			path = View;
			sourceTree = "<group>";
		};
		F4301A062BE12FD3009A8DB2 /* Interactor */ = {
			isa = PBXGroup;
			children = (
			);
			path = Interactor;
			sourceTree = "<group>";
		};
		F4301A072BE12FDD009A8DB2 /* Presenter */ = {
			isa = PBXGroup;
			children = (
			);
			path = Presenter;
			sourceTree = "<group>";
		};
		F4301A082BE12FE4009A8DB2 /* Entity */ = {
			isa = PBXGroup;
			children = (
			);
			path = Entity;
			sourceTree = "<group>";
		};
		F4301A092BE12FEA009A8DB2 /* Router */ = {
			isa = PBXGroup;
			children = (
			);
			path = Router;
			sourceTree = "<group>";
		};
/* End PBXGroup section */

/* Begin PBXNativeTarget section */
		F43019ED2BE12B3E009A8DB2 /* Up Sklad */ = {
			isa = PBXNativeTarget;
			buildConfigurationList = F4301A022BE12B40009A8DB2 /* Build configuration list for PBXNativeTarget "Up Sklad" */;
			buildPhases = (
				F43019EA2BE12B3E009A8DB2 /* Sources */,
				F43019EB2BE12B3E009A8DB2 /* Frameworks */,
				F43019EC2BE12B3E009A8DB2 /* Resources */,
			);
			buildRules = (
			);
			dependencies = (
			);
			name = "Up Sklad";
			productName = "Up Sklad";
			productReference = F43019EE2BE12B3E009A8DB2 /* Up Sklad.app */;
			productType = "com.apple.product-type.application";
		};
/* End PBXNativeTarget section */

/* Begin PBXProject section */
		F43019E62BE12B3E009A8DB2 /* Project object */ = {
			isa = PBXProject;
			attributes = {
				BuildIndependentTargetsInParallel = 1;
				LastSwiftUpdateCheck = 1510;
				LastUpgradeCheck = 1510;
				TargetAttributes = {
					F43019ED2BE12B3E009A8DB2 = {
						CreatedOnToolsVersion = 15.1;
					};
				};
			};
			buildConfigurationList = F43019E92BE12B3E009A8DB2 /* Build configuration list for PBXProject "Up Sklad" */;
			compatibilityVersion = "Xcode 14.0";
			developmentRegion = en;
			hasScannedForEncodings = 0;
			knownRegions = (
				en,
				Base,
			);
			mainGroup = F43019E52BE12B3E009A8DB2;
			productRefGroup = F43019EF2BE12B3E009A8DB2 /* Products */;
			projectDirPath = "";
			projectRoot = "";
			targets = (
				F43019ED2BE12B3E009A8DB2 /* Up Sklad */,
			);
		};
/* End PBXProject section */

/* Begin PBXResourcesBuildPhase section */
		F43019EC2BE12B3E009A8DB2 /* Resources */ = {
			isa = PBXResourcesBuildPhase;
			buildActionMask = 2147483647;
			files = (
				F43019FE2BE12B40009A8DB2 /* LaunchScreen.storyboard in Resources */,
				F43019FB2BE12B40009A8DB2 /* Assets.xcassets in Resources */,
			);
			runOnlyForDeploymentPostprocessing = 0;
		};
/* End PBXResourcesBuildPhase section */

/* Begin PBXSourcesBuildPhase section */
		F43019EA2BE12B3E009A8DB2 /* Sources */ = {
			isa = PBXSourcesBuildPhase;
			buildActionMask = 2147483647;
			files = (
				F434692C2BE163760017376A /* CreateProductViewController.swift in Sources */,
				F4301A0B2BE131A9009A8DB2 /* TabBarViewController.swift in Sources */,
				F41D99212BEE56A0000A523B /* Core Data .swift in Sources */,
				F41D991F2BEE5425000A523B /* CoreData.xcdatamodeld in Sources */,
				F43019F62BE12B3E009A8DB2 /* TwoProduct.swift in Sources */,
				F4301A112BE1342B009A8DB2 /* FourProduct.swift in Sources */,
				F43019F22BE12B3E009A8DB2 /* AppDelegate.swift in Sources */,
				F4301A0D2BE13278009A8DB2 /* OneProduct.swift in Sources */,
				F4301A0F2BE133E0009A8DB2 /* ThreeProduct.swift in Sources */,
				F43019F42BE12B3E009A8DB2 /* SceneDelegate.swift in Sources */,
			);
			runOnlyForDeploymentPostprocessing = 0;
		};
/* End PBXSourcesBuildPhase section */

/* Begin PBXVariantGroup section */
		F43019FC2BE12B40009A8DB2 /* LaunchScreen.storyboard */ = {
			isa = PBXVariantGroup;
			children = (
				F43019FD2BE12B40009A8DB2 /* Base */,
			);
			name = LaunchScreen.storyboard;
			sourceTree = "<group>";
		};
/* End PBXVariantGroup section */

/* Begin XCBuildConfiguration section */
		F4301A002BE12B40009A8DB2 /* Debug */ = {
			isa = XCBuildConfiguration;
			buildSettings = {
				ALWAYS_SEARCH_USER_PATHS = NO;
				ASSETCATALOG_COMPILER_GENERATE_SWIFT_ASSET_SYMBOL_EXTENSIONS = YES;
				CLANG_ANALYZER_NONNULL = YES;
				CLANG_ANALYZER_NUMBER_OBJECT_CONVERSION = YES_AGGRESSIVE;
				CLANG_CXX_LANGUAGE_STANDARD = "gnu++20";
				CLANG_ENABLE_MODULES = YES;
				CLANG_ENABLE_OBJC_ARC = YES;
				CLANG_ENABLE_OBJC_WEAK = YES;
				CLANG_WARN_BLOCK_CAPTURE_AUTORELEASING = YES;
				CLANG_WARN_BOOL_CONVERSION = YES;
				CLANG_WARN_COMMA = YES;
				CLANG_WARN_CONSTANT_CONVERSION = YES;
				CLANG_WARN_DEPRECATED_OBJC_IMPLEMENTATIONS = YES;
				CLANG_WARN_DIRECT_OBJC_ISA_USAGE = YES_ERROR;
				CLANG_WARN_DOCUMENTATION_COMMENTS = YES;
				CLANG_WARN_EMPTY_BODY = YES;
				CLANG_WARN_ENUM_CONVERSION = YES;
				CLANG_WARN_INFINITE_RECURSION = YES;
				CLANG_WARN_INT_CONVERSION = YES;
				CLANG_WARN_NON_LITERAL_NULL_CONVERSION = YES;
				CLANG_WARN_OBJC_IMPLICIT_RETAIN_SELF = YES;
				CLANG_WARN_OBJC_LITERAL_CONVERSION = YES;
				CLANG_WARN_OBJC_ROOT_CLASS = YES_ERROR;
				CLANG_WARN_QUOTED_INCLUDE_IN_FRAMEWORK_HEADER = YES;
				CLANG_WARN_RANGE_LOOP_ANALYSIS = YES;
				CLANG_WARN_STRICT_PROTOTYPES = YES;
				CLANG_WARN_SUSPICIOUS_MOVE = YES;
				CLANG_WARN_UNGUARDED_AVAILABILITY = YES_AGGRESSIVE;
				CLANG_WARN_UNREACHABLE_CODE = YES;
				CLANG_WARN__DUPLICATE_METHOD_MATCH = YES;
				COPY_PHASE_STRIP = NO;
				DEBUG_INFORMATION_FORMAT = dwarf;
				ENABLE_STRICT_OBJC_MSGSEND = YES;
				ENABLE_TESTABILITY = YES;
				ENABLE_USER_SCRIPT_SANDBOXING = YES;
				GCC_C_LANGUAGE_STANDARD = gnu17;
				GCC_DYNAMIC_NO_PIC = NO;
				GCC_NO_COMMON_BLOCKS = YES;
				GCC_OPTIMIZATION_LEVEL = 0;
				GCC_PREPROCESSOR_DEFINITIONS = (
					"DEBUG=1",
					"$(inherited)",
				);
				GCC_WARN_64_TO_32_BIT_CONVERSION = YES;
				GCC_WARN_ABOUT_RETURN_TYPE = YES_ERROR;
				GCC_WARN_UNDECLARED_SELECTOR = YES;
				GCC_WARN_UNINITIALIZED_AUTOS = YES_AGGRESSIVE;
				GCC_WARN_UNUSED_FUNCTION = YES;
				GCC_WARN_UNUSED_VARIABLE = YES;
				IPHONEOS_DEPLOYMENT_TARGET = 16.0;
				LOCALIZATION_PREFERS_STRING_CATALOGS = YES;
				MTL_ENABLE_DEBUG_INFO = INCLUDE_SOURCE;
				MTL_FAST_MATH = YES;
				ONLY_ACTIVE_ARCH = YES;
				SDKROOT = iphoneos;
				SWIFT_ACTIVE_COMPILATION_CONDITIONS = "DEBUG $(inherited)";
				SWIFT_OPTIMIZATION_LEVEL = "-Onone";
			};
			name = Debug;
		};
		F4301A012BE12B40009A8DB2 /* Release */ = {
			isa = XCBuildConfiguration;
			buildSettings = {
				ALWAYS_SEARCH_USER_PATHS = NO;
				ASSETCATALOG_COMPILER_GENERATE_SWIFT_ASSET_SYMBOL_EXTENSIONS = YES;
				CLANG_ANALYZER_NONNULL = YES;
				CLANG_ANALYZER_NUMBER_OBJECT_CONVERSION = YES_AGGRESSIVE;
				CLANG_CXX_LANGUAGE_STANDARD = "gnu++20";
				CLANG_ENABLE_MODULES = YES;
				CLANG_ENABLE_OBJC_ARC = YES;
				CLANG_ENABLE_OBJC_WEAK = YES;
				CLANG_WARN_BLOCK_CAPTURE_AUTORELEASING = YES;
				CLANG_WARN_BOOL_CONVERSION = YES;
				CLANG_WARN_COMMA = YES;
				CLANG_WARN_CONSTANT_CONVERSION = YES;
				CLANG_WARN_DEPRECATED_OBJC_IMPLEMENTATIONS = YES;
				CLANG_WARN_DIRECT_OBJC_ISA_USAGE = YES_ERROR;
				CLANG_WARN_DOCUMENTATION_COMMENTS = YES;
				CLANG_WARN_EMPTY_BODY = YES;
				CLANG_WARN_ENUM_CONVERSION = YES;
				CLANG_WARN_INFINITE_RECURSION = YES;
				CLANG_WARN_INT_CONVERSION = YES;
				CLANG_WARN_NON_LITERAL_NULL_CONVERSION = YES;
				CLANG_WARN_OBJC_IMPLICIT_RETAIN_SELF = YES;
				CLANG_WARN_OBJC_LITERAL_CONVERSION = YES;
				CLANG_WARN_OBJC_ROOT_CLASS = YES_ERROR;
				CLANG_WARN_QUOTED_INCLUDE_IN_FRAMEWORK_HEADER = YES;
				CLANG_WARN_RANGE_LOOP_ANALYSIS = YES;
				CLANG_WARN_STRICT_PROTOTYPES = YES;
				CLANG_WARN_SUSPICIOUS_MOVE = YES;
				CLANG_WARN_UNGUARDED_AVAILABILITY = YES_AGGRESSIVE;
				CLANG_WARN_UNREACHABLE_CODE = YES;
				CLANG_WARN__DUPLICATE_METHOD_MATCH = YES;
				COPY_PHASE_STRIP = NO;
				DEBUG_INFORMATION_FORMAT = "dwarf-with-dsym";
				ENABLE_NS_ASSERTIONS = NO;
				ENABLE_STRICT_OBJC_MSGSEND = YES;
				ENABLE_USER_SCRIPT_SANDBOXING = YES;
				GCC_C_LANGUAGE_STANDARD = gnu17;
				GCC_NO_COMMON_BLOCKS = YES;
				GCC_WARN_64_TO_32_BIT_CONVERSION = YES;
				GCC_WARN_ABOUT_RETURN_TYPE = YES_ERROR;
				GCC_WARN_UNDECLARED_SELECTOR = YES;
				GCC_WARN_UNINITIALIZED_AUTOS = YES_AGGRESSIVE;
				GCC_WARN_UNUSED_FUNCTION = YES;
				GCC_WARN_UNUSED_VARIABLE = YES;
				IPHONEOS_DEPLOYMENT_TARGET = 16.0;
				LOCALIZATION_PREFERS_STRING_CATALOGS = YES;
				MTL_ENABLE_DEBUG_INFO = NO;
				MTL_FAST_MATH = YES;
				SDKROOT = iphoneos;
				SWIFT_COMPILATION_MODE = wholemodule;
				VALIDATE_PRODUCT = YES;
			};
			name = Release;
		};
		F4301A032BE12B40009A8DB2 /* Debug */ = {
			isa = XCBuildConfiguration;
			buildSettings = {
				ASSETCATALOG_COMPILER_APPICON_NAME = AppIcon;
				ASSETCATALOG_COMPILER_GLOBAL_ACCENT_COLOR_NAME = AccentColor;
				CODE_SIGN_STYLE = Automatic;
				CURRENT_PROJECT_VERSION = 1;
				DEVELOPMENT_TEAM = 66QMN95M53;
				GENERATE_INFOPLIST_FILE = YES;
				INFOPLIST_FILE = "Up Sklad/Info.plist";
				INFOPLIST_KEY_UIApplicationSupportsIndirectInputEvents = YES;
				INFOPLIST_KEY_UILaunchStoryboardName = LaunchScreen;
				INFOPLIST_KEY_UISupportedInterfaceOrientations_iPad = "UIInterfaceOrientationPortrait UIInterfaceOrientationPortraitUpsideDown UIInterfaceOrientationLandscapeLeft UIInterfaceOrientationLandscapeRight";
				INFOPLIST_KEY_UISupportedInterfaceOrientations_iPhone = "UIInterfaceOrientationPortrait UIInterfaceOrientationLandscapeLeft UIInterfaceOrientationLandscapeRight";
				LD_RUNPATH_SEARCH_PATHS = (
					"$(inherited)",
					"@executable_path/Frameworks",
				);
				MARKETING_VERSION = 1.0;
				PRODUCT_BUNDLE_IDENTIFIER = "Blanxxty.Up-Sklad";
				PRODUCT_NAME = "$(TARGET_NAME)";
				SUPPORTED_PLATFORMS = "iphoneos iphonesimulator";
				SUPPORTS_MACCATALYST = NO;
				SUPPORTS_MAC_DESIGNED_FOR_IPHONE_IPAD = NO;
				SWIFT_EMIT_LOC_STRINGS = YES;
				SWIFT_VERSION = 5.0;
				TARGETED_DEVICE_FAMILY = 1;
			};
			name = Debug;
		};
		F4301A042BE12B40009A8DB2 /* Release */ = {
			isa = XCBuildConfiguration;
			buildSettings = {
				ASSETCATALOG_COMPILER_APPICON_NAME = AppIcon;
				ASSETCATALOG_COMPILER_GLOBAL_ACCENT_COLOR_NAME = AccentColor;
				CODE_SIGN_STYLE = Automatic;
				CURRENT_PROJECT_VERSION = 1;
				DEVELOPMENT_TEAM = 66QMN95M53;
				GENERATE_INFOPLIST_FILE = YES;
				INFOPLIST_FILE = "Up Sklad/Info.plist";
				INFOPLIST_KEY_UIApplicationSupportsIndirectInputEvents = YES;
				INFOPLIST_KEY_UILaunchStoryboardName = LaunchScreen;
				INFOPLIST_KEY_UISupportedInterfaceOrientations_iPad = "UIInterfaceOrientationPortrait UIInterfaceOrientationPortraitUpsideDown UIInterfaceOrientationLandscapeLeft UIInterfaceOrientationLandscapeRight";
				INFOPLIST_KEY_UISupportedInterfaceOrientations_iPhone = "UIInterfaceOrientationPortrait UIInterfaceOrientationLandscapeLeft UIInterfaceOrientationLandscapeRight";
				LD_RUNPATH_SEARCH_PATHS = (
					"$(inherited)",
					"@executable_path/Frameworks",
				);
				MARKETING_VERSION = 1.0;
				PRODUCT_BUNDLE_IDENTIFIER = "Blanxxty.Up-Sklad";
				PRODUCT_NAME = "$(TARGET_NAME)";
				SUPPORTED_PLATFORMS = "iphoneos iphonesimulator";
				SUPPORTS_MACCATALYST = NO;
				SUPPORTS_MAC_DESIGNED_FOR_IPHONE_IPAD = NO;
				SWIFT_EMIT_LOC_STRINGS = YES;
				SWIFT_VERSION = 5.0;
				TARGETED_DEVICE_FAMILY = 1;
			};
			name = Release;
		};
/* End XCBuildConfiguration section */

/* Begin XCConfigurationList section */
		F43019E92BE12B3E009A8DB2 /* Build configuration list for PBXProject "Up Sklad" */ = {
			isa = XCConfigurationList;
			buildConfigurations = (
				F4301A002BE12B40009A8DB2 /* Debug */,
				F4301A012BE12B40009A8DB2 /* Release */,
			);
			defaultConfigurationIsVisible = 0;
			defaultConfigurationName = Release;
		};
		F4301A022BE12B40009A8DB2 /* Build configuration list for PBXNativeTarget "Up Sklad" */ = {
			isa = XCConfigurationList;
			buildConfigurations = (
				F4301A032BE12B40009A8DB2 /* Debug */,
				F4301A042BE12B40009A8DB2 /* Release */,
			);
			defaultConfigurationIsVisible = 0;
			defaultConfigurationName = Release;
		};
/* End XCConfigurationList section */

/* Begin XCVersionGroup section */
		F41D991D2BEE5424000A523B /* CoreData.xcdatamodeld */ = {
			isa = XCVersionGroup;
			children = (
				F41D991E2BEE5425000A523B /* CoreData.xcdatamodel */,
			);
			currentVersion = F41D991E2BEE5425000A523B /* CoreData.xcdatamodel */;
			path = CoreData.xcdatamodeld;
			sourceTree = "<group>";
			versionGroupType = wrapper.xcdatamodel;
		};
/* End XCVersionGroup section */
	};
	rootObject = F43019E62BE12B3E009A8DB2 /* Project object */;
}
